// !$*UTF8*$!
{
	archiveVersion = 1;
	classes = {
	};
	objectVersion = 77;
	objects = {

/* Begin PBXBuildFile section */
		043AB70A2E9C7E9D00CB7249 /* GoogleSignIn in Frameworks */ = {isa = PBXBuildFile; productRef = 043AB7092E9C7E9D00CB7249 /* GoogleSignIn */; };
		043AB70C2E9C7E9D00CB7249 /* GoogleSignInSwift in Frameworks */ = {isa = PBXBuildFile; productRef = 043AB70B2E9C7E9D00CB7249 /* GoogleSignInSwift */; };
		043AB70F2E9C7EBC00CB7249 /* FirebaseAuth in Frameworks */ = {isa = PBXBuildFile; productRef = 043AB70E2E9C7EBC00CB7249 /* FirebaseAuth */; };
		043AB7112E9C7EBC00CB7249 /* FirebaseCore in Frameworks */ = {isa = PBXBuildFile; productRef = 043AB7102E9C7EBC00CB7249 /* FirebaseCore */; };
		04F675AA2E9DC82D00DD5ADD /* ShareExtension.appex in Embed Foundation Extensions */ = {isa = PBXBuildFile; fileRef = 04F675A02E9DC82D00DD5ADD /* ShareExtension.appex */; settings = {ATTRIBUTES = (RemoveHeadersOnCopy, ); }; };
		04F675C02E9DCAB200DD5ADD /* SwiftSoup in Frameworks */ = {isa = PBXBuildFile; productRef = 04F675BF2E9DCAB200DD5ADD /* SwiftSoup */; };
		04F675C32E9DCBC100DD5ADD /* SwiftSoup in Frameworks */ = {isa = PBXBuildFile; productRef = 04F675C22E9DCBC100DD5ADD /* SwiftSoup */; };
		04F675CD2E9E703E00DD5ADD /* FirebaseAuth in Frameworks */ = {isa = PBXBuildFile; productRef = 04F675CC2E9E703E00DD5ADD /* FirebaseAuth */; };
		04F675CF2E9E704700DD5ADD /* FirebaseCore in Frameworks */ = {isa = PBXBuildFile; productRef = 04F675CE2E9E704700DD5ADD /* FirebaseCore */; };
		04F863292EDE8C120056BC7B /* TreePicker in Frameworks */ = {isa = PBXBuildFile; productRef = 04F863282EDE8C120056BC7B /* TreePicker */; };
		04F8639C2EE464D30056BC7B /* ExyteChat in Frameworks */ = {isa = PBXBuildFile; productRef = 04F8639B2EE464D30056BC7B /* ExyteChat */; };
/* End PBXBuildFile section */

/* Begin PBXContainerItemProxy section */
		04B94F862E9C50A10046AA7B /* PBXContainerItemProxy */ = {
			isa = PBXContainerItemProxy;
			containerPortal = 04B94F702E9C50A00046AA7B /* Project object */;
			proxyType = 1;
			remoteGlobalIDString = 04B94F772E9C50A00046AA7B;
			remoteInfo = "iso-app";
		};
		04B94F902E9C50A10046AA7B /* PBXContainerItemProxy */ = {
			isa = PBXContainerItemProxy;
			containerPortal = 04B94F702E9C50A00046AA7B /* Project object */;
			proxyType = 1;
			remoteGlobalIDString = 04B94F772E9C50A00046AA7B;
			remoteInfo = "iso-app";
		};
		04F675A82E9DC82D00DD5ADD /* PBXContainerItemProxy */ = {
			isa = PBXContainerItemProxy;
			containerPortal = 04B94F702E9C50A00046AA7B /* Project object */;
			proxyType = 1;
			remoteGlobalIDString = 04F6759F2E9DC82D00DD5ADD;
			remoteInfo = ShareExtension;
		};
/* End PBXContainerItemProxy section */

/* Begin PBXCopyFilesBuildPhase section */
		04F675AF2E9DC82D00DD5ADD /* Embed Foundation Extensions */ = {
			isa = PBXCopyFilesBuildPhase;
			buildActionMask = 2147483647;
			dstPath = "";
			dstSubfolderSpec = 13;
			files = (
				04F675AA2E9DC82D00DD5ADD /* ShareExtension.appex in Embed Foundation Extensions */,
			);
			name = "Embed Foundation Extensions";
			runOnlyForDeploymentPostprocessing = 0;
		};
/* End PBXCopyFilesBuildPhase section */

/* Begin PBXFileReference section */
		04B94F782E9C50A00046AA7B /* iso-app.app */ = {isa = PBXFileReference; explicitFileType = wrapper.application; includeInIndex = 0; path = "iso-app.app"; sourceTree = BUILT_PRODUCTS_DIR; };
		04B94F852E9C50A10046AA7B /* iso-appTests.xctest */ = {isa = PBXFileReference; explicitFileType = wrapper.cfbundle; includeInIndex = 0; path = "iso-appTests.xctest"; sourceTree = BUILT_PRODUCTS_DIR; };
		04B94F8F2E9C50A10046AA7B /* iso-appUITests.xctest */ = {isa = PBXFileReference; explicitFileType = wrapper.cfbundle; includeInIndex = 0; path = "iso-appUITests.xctest"; sourceTree = BUILT_PRODUCTS_DIR; };
		04F675A02E9DC82D00DD5ADD /* ShareExtension.appex */ = {isa = PBXFileReference; explicitFileType = "wrapper.app-extension"; includeInIndex = 0; path = ShareExtension.appex; sourceTree = BUILT_PRODUCTS_DIR; };
/* End PBXFileReference section */

/* Begin PBXFileSystemSynchronizedBuildFileExceptionSet section */
		04B94FBA2E9C76BE0046AA7B /* Exceptions for "iso-app" folder in "iso-app" target */ = {
			isa = PBXFileSystemSynchronizedBuildFileExceptionSet;
			membershipExceptions = (
				Info.plist,
			);
			target = 04B94F772E9C50A00046AA7B /* iso-app */;
		};
		04F675AE2E9DC82D00DD5ADD /* Exceptions for "ShareExtension" folder in "ShareExtension" target */ = {
			isa = PBXFileSystemSynchronizedBuildFileExceptionSet;
			membershipExceptions = (
				Info.plist,
			);
			target = 04F6759F2E9DC82D00DD5ADD /* ShareExtension */;
		};
		04F675BC2E9DCA6200DD5ADD /* Exceptions for "iso-app" folder in "ShareExtension" target */ = {
			isa = PBXFileSystemSynchronizedBuildFileExceptionSet;
			membershipExceptions = (
				iCognition.xcdatamodeld,
				Models/ArticleData.swift,
				Services/CoreDataStack.swift,
				Services/Logger.swift,
				Services/SharedDataManager.swift,
				Services/TokenManager.swift,
			);
			target = 04F6759F2E9DC82D00DD5ADD /* ShareExtension */;
		};
/* End PBXFileSystemSynchronizedBuildFileExceptionSet section */

/* Begin PBXFileSystemSynchronizedRootGroup section */
		04B94F7A2E9C50A00046AA7B /* iso-app */ = {
			isa = PBXFileSystemSynchronizedRootGroup;
			exceptions = (
				04B94FBA2E9C76BE0046AA7B /* Exceptions for "iso-app" folder in "iso-app" target */,
				04F675BC2E9DCA6200DD5ADD /* Exceptions for "iso-app" folder in "ShareExtension" target */,
			);
			path = "iso-app";
			sourceTree = "<group>";
		};
		04B94F882E9C50A10046AA7B /* iso-appTests */ = {
			isa = PBXFileSystemSynchronizedRootGroup;
			path = "iso-appTests";
			sourceTree = "<group>";
		};
		04B94F922E9C50A10046AA7B /* iso-appUITests */ = {
			isa = PBXFileSystemSynchronizedRootGroup;
			path = "iso-appUITests";
			sourceTree = "<group>";
		};
		04F675A12E9DC82D00DD5ADD /* ShareExtension */ = {
			isa = PBXFileSystemSynchronizedRootGroup;
			exceptions = (
				04F675AE2E9DC82D00DD5ADD /* Exceptions for "ShareExtension" folder in "ShareExtension" target */,
			);
			path = ShareExtension;
			sourceTree = "<group>";
		};
/* End PBXFileSystemSynchronizedRootGroup section */

/* Begin PBXFrameworksBuildPhase section */
		04B94F752E9C50A00046AA7B /* Frameworks */ = {
			isa = PBXFrameworksBuildPhase;
			buildActionMask = 2147483647;
			files = (
				04F8639C2EE464D30056BC7B /* ExyteChat in Frameworks */,
				043AB70A2E9C7E9D00CB7249 /* GoogleSignIn in Frameworks */,
				043AB70F2E9C7EBC00CB7249 /* FirebaseAuth in Frameworks */,
				04F863292EDE8C120056BC7B /* TreePicker in Frameworks */,
				043AB7112E9C7EBC00CB7249 /* FirebaseCore in Frameworks */,
				043AB70C2E9C7E9D00CB7249 /* GoogleSignInSwift in Frameworks */,
				04F675C02E9DCAB200DD5ADD /* SwiftSoup in Frameworks */,
			);
			runOnlyForDeploymentPostprocessing = 0;
		};
		04B94F822E9C50A10046AA7B /* Frameworks */ = {
			isa = PBXFrameworksBuildPhase;
			buildActionMask = 2147483647;
			files = (
			);
			runOnlyForDeploymentPostprocessing = 0;
		};
		04B94F8C2E9C50A10046AA7B /* Frameworks */ = {
			isa = PBXFrameworksBuildPhase;
			buildActionMask = 2147483647;
			files = (
			);
			runOnlyForDeploymentPostprocessing = 0;
		};
		04F6759D2E9DC82D00DD5ADD /* Frameworks */ = {
			isa = PBXFrameworksBuildPhase;
			buildActionMask = 2147483647;
			files = (
				04F675C32E9DCBC100DD5ADD /* SwiftSoup in Frameworks */,
				04F675CF2E9E704700DD5ADD /* FirebaseCore in Frameworks */,
				04F675CD2E9E703E00DD5ADD /* FirebaseAuth in Frameworks */,
			);
			runOnlyForDeploymentPostprocessing = 0;
		};
/* End PBXFrameworksBuildPhase section */

/* Begin PBXGroup section */
		04B94F6F2E9C50A00046AA7B = {
			isa = PBXGroup;
			children = (
				04B94F7A2E9C50A00046AA7B /* iso-app */,
				04B94F882E9C50A10046AA7B /* iso-appTests */,
				04B94F922E9C50A10046AA7B /* iso-appUITests */,
				04F675A12E9DC82D00DD5ADD /* ShareExtension */,
				04F675C12E9DCBC100DD5ADD /* Frameworks */,
				04B94F792E9C50A00046AA7B /* Products */,
			);
			sourceTree = "<group>";
		};
		04B94F792E9C50A00046AA7B /* Products */ = {
			isa = PBXGroup;
			children = (
				04B94F782E9C50A00046AA7B /* iso-app.app */,
				04B94F852E9C50A10046AA7B /* iso-appTests.xctest */,
				04B94F8F2E9C50A10046AA7B /* iso-appUITests.xctest */,
				04F675A02E9DC82D00DD5ADD /* ShareExtension.appex */,
			);
			name = Products;
			sourceTree = "<group>";
		};
		04F675C12E9DCBC100DD5ADD /* Frameworks */ = {
			isa = PBXGroup;
			children = (
			);
			name = Frameworks;
			sourceTree = "<group>";
		};
/* End PBXGroup section */

/* Begin PBXNativeTarget section */
		04B94F772E9C50A00046AA7B /* iso-app */ = {
			isa = PBXNativeTarget;
			buildConfigurationList = 04B94F992E9C50A10046AA7B /* Build configuration list for PBXNativeTarget "iso-app" */;
			buildPhases = (
				04B94F742E9C50A00046AA7B /* Sources */,
				04B94F752E9C50A00046AA7B /* Frameworks */,
				04B94F762E9C50A00046AA7B /* Resources */,
				04F675AF2E9DC82D00DD5ADD /* Embed Foundation Extensions */,
			);
			buildRules = (
			);
			dependencies = (
				04F675A92E9DC82D00DD5ADD /* PBXTargetDependency */,
			);
			fileSystemSynchronizedGroups = (
				04B94F7A2E9C50A00046AA7B /* iso-app */,
			);
			name = "iso-app";
			packageProductDependencies = (
				043AB7092E9C7E9D00CB7249 /* GoogleSignIn */,
				043AB70B2E9C7E9D00CB7249 /* GoogleSignInSwift */,
				043AB70E2E9C7EBC00CB7249 /* FirebaseAuth */,
				043AB7102E9C7EBC00CB7249 /* FirebaseCore */,
				04F675BF2E9DCAB200DD5ADD /* SwiftSoup */,
				04F863282EDE8C120056BC7B /* TreePicker */,
				04F8639B2EE464D30056BC7B /* ExyteChat */,
			);
			productName = "iso-app";
			productReference = 04B94F782E9C50A00046AA7B /* iso-app.app */;
			productType = "com.apple.product-type.application";
		};
		04B94F842E9C50A10046AA7B /* iso-appTests */ = {
			isa = PBXNativeTarget;
			buildConfigurationList = 04B94F9C2E9C50A10046AA7B /* Build configuration list for PBXNativeTarget "iso-appTests" */;
			buildPhases = (
				04B94F812E9C50A10046AA7B /* Sources */,
				04B94F822E9C50A10046AA7B /* Frameworks */,
				04B94F832E9C50A10046AA7B /* Resources */,
			);
			buildRules = (
			);
			dependencies = (
				04B94F872E9C50A10046AA7B /* PBXTargetDependency */,
			);
			fileSystemSynchronizedGroups = (
				04B94F882E9C50A10046AA7B /* iso-appTests */,
			);
			name = "iso-appTests";
			packageProductDependencies = (
			);
			productName = "iso-appTests";
			productReference = 04B94F852E9C50A10046AA7B /* iso-appTests.xctest */;
			productType = "com.apple.product-type.bundle.unit-test";
		};
		04B94F8E2E9C50A10046AA7B /* iso-appUITests */ = {
			isa = PBXNativeTarget;
			buildConfigurationList = 04B94F9F2E9C50A10046AA7B /* Build configuration list for PBXNativeTarget "iso-appUITests" */;
			buildPhases = (
				04B94F8B2E9C50A10046AA7B /* Sources */,
				04B94F8C2E9C50A10046AA7B /* Frameworks */,
				04B94F8D2E9C50A10046AA7B /* Resources */,
			);
			buildRules = (
			);
			dependencies = (
				04B94F912E9C50A10046AA7B /* PBXTargetDependency */,
			);
			fileSystemSynchronizedGroups = (
				04B94F922E9C50A10046AA7B /* iso-appUITests */,
			);
			name = "iso-appUITests";
			packageProductDependencies = (
			);
			productName = "iso-appUITests";
			productReference = 04B94F8F2E9C50A10046AA7B /* iso-appUITests.xctest */;
			productType = "com.apple.product-type.bundle.ui-testing";
		};
		04F6759F2E9DC82D00DD5ADD /* ShareExtension */ = {
			isa = PBXNativeTarget;
			buildConfigurationList = 04F675AB2E9DC82D00DD5ADD /* Build configuration list for PBXNativeTarget "ShareExtension" */;
			buildPhases = (
				04F6759C2E9DC82D00DD5ADD /* Sources */,
				04F6759D2E9DC82D00DD5ADD /* Frameworks */,
				04F6759E2E9DC82D00DD5ADD /* Resources */,
			);
			buildRules = (
			);
			dependencies = (
			);
			fileSystemSynchronizedGroups = (
				04F675A12E9DC82D00DD5ADD /* ShareExtension */,
			);
			name = ShareExtension;
			packageProductDependencies = (
				04F675C22E9DCBC100DD5ADD /* SwiftSoup */,
				04F675CC2E9E703E00DD5ADD /* FirebaseAuth */,
				04F675CE2E9E704700DD5ADD /* FirebaseCore */,
			);
			productName = ShareExtension;
			productReference = 04F675A02E9DC82D00DD5ADD /* ShareExtension.appex */;
			productType = "com.apple.product-type.app-extension";
		};
/* End PBXNativeTarget section */

/* Begin PBXProject section */
		04B94F702E9C50A00046AA7B /* Project object */ = {
			isa = PBXProject;
			attributes = {
				BuildIndependentTargetsInParallel = 1;
				LastSwiftUpdateCheck = 1630;
				LastUpgradeCheck = 1630;
				TargetAttributes = {
					04B94F772E9C50A00046AA7B = {
						CreatedOnToolsVersion = 16.3;
					};
					04B94F842E9C50A10046AA7B = {
						CreatedOnToolsVersion = 16.3;
						TestTargetID = 04B94F772E9C50A00046AA7B;
					};
					04B94F8E2E9C50A10046AA7B = {
						CreatedOnToolsVersion = 16.3;
						TestTargetID = 04B94F772E9C50A00046AA7B;
					};
					04F6759F2E9DC82D00DD5ADD = {
						CreatedOnToolsVersion = 16.3;
					};
				};
			};
			buildConfigurationList = 04B94F732E9C50A00046AA7B /* Build configuration list for PBXProject "iso-app" */;
			developmentRegion = en;
			hasScannedForEncodings = 0;
			knownRegions = (
				en,
				Base,
			);
			mainGroup = 04B94F6F2E9C50A00046AA7B;
			minimizedProjectReferenceProxies = 1;
			packageReferences = (
				043AB7082E9C7E9D00CB7249 /* XCRemoteSwiftPackageReference "GoogleSignIn-iOS" */,
				043AB70D2E9C7EBC00CB7249 /* XCRemoteSwiftPackageReference "firebase-ios-sdk" */,
				04F675BE2E9DCAB200DD5ADD /* XCRemoteSwiftPackageReference "SwiftSoup" */,
				04F863272EDE8C120056BC7B /* XCRemoteSwiftPackageReference "TreePicker" */,
				04F8639A2EE3A3D00056BC7B /* XCRemoteSwiftPackageReference "Chat" */,
			);
			preferredProjectObjectVersion = 77;
			productRefGroup = 04B94F792E9C50A00046AA7B /* Products */;
			projectDirPath = "";
			projectRoot = "";
			targets = (
				04B94F772E9C50A00046AA7B /* iso-app */,
				04B94F842E9C50A10046AA7B /* iso-appTests */,
				04B94F8E2E9C50A10046AA7B /* iso-appUITests */,
				04F6759F2E9DC82D00DD5ADD /* ShareExtension */,
			);
		};
/* End PBXProject section */

/* Begin PBXResourcesBuildPhase section */
		04B94F762E9C50A00046AA7B /* Resources */ = {
			isa = PBXResourcesBuildPhase;
			buildActionMask = 2147483647;
			files = (
			);
			runOnlyForDeploymentPostprocessing = 0;
		};
		04B94F832E9C50A10046AA7B /* Resources */ = {
			isa = PBXResourcesBuildPhase;
			buildActionMask = 2147483647;
			files = (
			);
			runOnlyForDeploymentPostprocessing = 0;
		};
		04B94F8D2E9C50A10046AA7B /* Resources */ = {
			isa = PBXResourcesBuildPhase;
			buildActionMask = 2147483647;
			files = (
			);
			runOnlyForDeploymentPostprocessing = 0;
		};
		04F6759E2E9DC82D00DD5ADD /* Resources */ = {
			isa = PBXResourcesBuildPhase;
			buildActionMask = 2147483647;
			files = (
			);
			runOnlyForDeploymentPostprocessing = 0;
		};
/* End PBXResourcesBuildPhase section */

/* Begin PBXSourcesBuildPhase section */
		04B94F742E9C50A00046AA7B /* Sources */ = {
			isa = PBXSourcesBuildPhase;
			buildActionMask = 2147483647;
			files = (
			);
			runOnlyForDeploymentPostprocessing = 0;
		};
		04B94F812E9C50A10046AA7B /* Sources */ = {
			isa = PBXSourcesBuildPhase;
			buildActionMask = 2147483647;
			files = (
			);
			runOnlyForDeploymentPostprocessing = 0;
		};
		04B94F8B2E9C50A10046AA7B /* Sources */ = {
			isa = PBXSourcesBuildPhase;
			buildActionMask = 2147483647;
			files = (
			);
			runOnlyForDeploymentPostprocessing = 0;
		};
		04F6759C2E9DC82D00DD5ADD /* Sources */ = {
			isa = PBXSourcesBuildPhase;
			buildActionMask = 2147483647;
			files = (
			);
			runOnlyForDeploymentPostprocessing = 0;
		};
/* End PBXSourcesBuildPhase section */

/* Begin PBXTargetDependency section */
		04B94F872E9C50A10046AA7B /* PBXTargetDependency */ = {
			isa = PBXTargetDependency;
			target = 04B94F772E9C50A00046AA7B /* iso-app */;
			targetProxy = 04B94F862E9C50A10046AA7B /* PBXContainerItemProxy */;
		};
		04B94F912E9C50A10046AA7B /* PBXTargetDependency */ = {
			isa = PBXTargetDependency;
			target = 04B94F772E9C50A00046AA7B /* iso-app */;
			targetProxy = 04B94F902E9C50A10046AA7B /* PBXContainerItemProxy */;
		};
		04F675A92E9DC82D00DD5ADD /* PBXTargetDependency */ = {
			isa = PBXTargetDependency;
			target = 04F6759F2E9DC82D00DD5ADD /* ShareExtension */;
			targetProxy = 04F675A82E9DC82D00DD5ADD /* PBXContainerItemProxy */;
		};
/* End PBXTargetDependency section */

/* Begin XCBuildConfiguration section */
		04B94F972E9C50A10046AA7B /* Debug */ = {
			isa = XCBuildConfiguration;
			buildSettings = {
				ALWAYS_SEARCH_USER_PATHS = NO;
				ASSETCATALOG_COMPILER_GENERATE_SWIFT_ASSET_SYMBOL_EXTENSIONS = YES;
				CLANG_ANALYZER_NONNULL = YES;
				CLANG_ANALYZER_NUMBER_OBJECT_CONVERSION = YES_AGGRESSIVE;
				CLANG_CXX_LANGUAGE_STANDARD = "gnu++20";
				CLANG_ENABLE_MODULES = YES;
				CLANG_ENABLE_OBJC_ARC = YES;
				CLANG_ENABLE_OBJC_WEAK = YES;
				CLANG_WARN_BLOCK_CAPTURE_AUTORELEASING = YES;
				CLANG_WARN_BOOL_CONVERSION = YES;
				CLANG_WARN_COMMA = YES;
				CLANG_WARN_CONSTANT_CONVERSION = YES;
				CLANG_WARN_DEPRECATED_OBJC_IMPLEMENTATIONS = YES;
				CLANG_WARN_DIRECT_OBJC_ISA_USAGE = YES_ERROR;
				CLANG_WARN_DOCUMENTATION_COMMENTS = YES;
				CLANG_WARN_EMPTY_BODY = YES;
				CLANG_WARN_ENUM_CONVERSION = YES;
				CLANG_WARN_INFINITE_RECURSION = YES;
				CLANG_WARN_INT_CONVERSION = YES;
				CLANG_WARN_NON_LITERAL_NULL_CONVERSION = YES;
				CLANG_WARN_OBJC_IMPLICIT_RETAIN_SELF = YES;
				CLANG_WARN_OBJC_LITERAL_CONVERSION = YES;
				CLANG_WARN_OBJC_ROOT_CLASS = YES_ERROR;
				CLANG_WARN_QUOTED_INCLUDE_IN_FRAMEWORK_HEADER = YES;
				CLANG_WARN_RANGE_LOOP_ANALYSIS = YES;
				CLANG_WARN_STRICT_PROTOTYPES = YES;
				CLANG_WARN_SUSPICIOUS_MOVE = YES;
				CLANG_WARN_UNGUARDED_AVAILABILITY = YES_AGGRESSIVE;
				CLANG_WARN_UNREACHABLE_CODE = YES;
				CLANG_WARN__DUPLICATE_METHOD_MATCH = YES;
				COPY_PHASE_STRIP = NO;
				DEBUG_INFORMATION_FORMAT = dwarf;
				DEVELOPMENT_TEAM = 3HV5ZTLYPC;
				ENABLE_STRICT_OBJC_MSGSEND = YES;
				ENABLE_TESTABILITY = YES;
				ENABLE_USER_SCRIPT_SANDBOXING = YES;
				GCC_C_LANGUAGE_STANDARD = gnu17;
				GCC_DYNAMIC_NO_PIC = NO;
				GCC_NO_COMMON_BLOCKS = YES;
				GCC_OPTIMIZATION_LEVEL = 0;
				GCC_PREPROCESSOR_DEFINITIONS = (
					"DEBUG=1",
					"$(inherited)",
				);
				GCC_WARN_64_TO_32_BIT_CONVERSION = YES;
				GCC_WARN_ABOUT_RETURN_TYPE = YES_ERROR;
				GCC_WARN_UNDECLARED_SELECTOR = YES;
				GCC_WARN_UNINITIALIZED_AUTOS = YES_AGGRESSIVE;
				GCC_WARN_UNUSED_FUNCTION = YES;
				GCC_WARN_UNUSED_VARIABLE = YES;
				IPHONEOS_DEPLOYMENT_TARGET = 18.4;
				LOCALIZATION_PREFERS_STRING_CATALOGS = YES;
				MTL_ENABLE_DEBUG_INFO = INCLUDE_SOURCE;
				MTL_FAST_MATH = YES;
				ONLY_ACTIVE_ARCH = YES;
				SDKROOT = iphoneos;
				SWIFT_ACTIVE_COMPILATION_CONDITIONS = "DEBUG $(inherited)";
				SWIFT_OPTIMIZATION_LEVEL = "-Onone";
			};
			name = Debug;
		};
		04B94F982E9C50A10046AA7B /* Release */ = {
			isa = XCBuildConfiguration;
			buildSettings = {
				ALWAYS_SEARCH_USER_PATHS = NO;
				ASSETCATALOG_COMPILER_GENERATE_SWIFT_ASSET_SYMBOL_EXTENSIONS = YES;
				CLANG_ANALYZER_NONNULL = YES;
				CLANG_ANALYZER_NUMBER_OBJECT_CONVERSION = YES_AGGRESSIVE;
				CLANG_CXX_LANGUAGE_STANDARD = "gnu++20";
				CLANG_ENABLE_MODULES = YES;
				CLANG_ENABLE_OBJC_ARC = YES;
				CLANG_ENABLE_OBJC_WEAK = YES;
				CLANG_WARN_BLOCK_CAPTURE_AUTORELEASING = YES;
				CLANG_WARN_BOOL_CONVERSION = YES;
				CLANG_WARN_COMMA = YES;
				CLANG_WARN_CONSTANT_CONVERSION = YES;
				CLANG_WARN_DEPRECATED_OBJC_IMPLEMENTATIONS = YES;
				CLANG_WARN_DIRECT_OBJC_ISA_USAGE = YES_ERROR;
				CLANG_WARN_DOCUMENTATION_COMMENTS = YES;
				CLANG_WARN_EMPTY_BODY = YES;
				CLANG_WARN_ENUM_CONVERSION = YES;
				CLANG_WARN_INFINITE_RECURSION = YES;
				CLANG_WARN_INT_CONVERSION = YES;
				CLANG_WARN_NON_LITERAL_NULL_CONVERSION = YES;
				CLANG_WARN_OBJC_IMPLICIT_RETAIN_SELF = YES;
				CLANG_WARN_OBJC_LITERAL_CONVERSION = YES;
				CLANG_WARN_OBJC_ROOT_CLASS = YES_ERROR;
				CLANG_WARN_QUOTED_INCLUDE_IN_FRAMEWORK_HEADER = YES;
				CLANG_WARN_RANGE_LOOP_ANALYSIS = YES;
				CLANG_WARN_STRICT_PROTOTYPES = YES;
				CLANG_WARN_SUSPICIOUS_MOVE = YES;
				CLANG_WARN_UNGUARDED_AVAILABILITY = YES_AGGRESSIVE;
				CLANG_WARN_UNREACHABLE_CODE = YES;
				CLANG_WARN__DUPLICATE_METHOD_MATCH = YES;
				COPY_PHASE_STRIP = NO;
				DEBUG_INFORMATION_FORMAT = "dwarf-with-dsym";
				DEVELOPMENT_TEAM = 3HV5ZTLYPC;
				ENABLE_NS_ASSERTIONS = NO;
				ENABLE_STRICT_OBJC_MSGSEND = YES;
				ENABLE_USER_SCRIPT_SANDBOXING = YES;
				GCC_C_LANGUAGE_STANDARD = gnu17;
				GCC_NO_COMMON_BLOCKS = YES;
				GCC_WARN_64_TO_32_BIT_CONVERSION = YES;
				GCC_WARN_ABOUT_RETURN_TYPE = YES_ERROR;
				GCC_WARN_UNDECLARED_SELECTOR = YES;
				GCC_WARN_UNINITIALIZED_AUTOS = YES_AGGRESSIVE;
				GCC_WARN_UNUSED_FUNCTION = YES;
				GCC_WARN_UNUSED_VARIABLE = YES;
				IPHONEOS_DEPLOYMENT_TARGET = 18.4;
				LOCALIZATION_PREFERS_STRING_CATALOGS = YES;
				MTL_ENABLE_DEBUG_INFO = NO;
				MTL_FAST_MATH = YES;
				SDKROOT = iphoneos;
				SWIFT_COMPILATION_MODE = wholemodule;
				VALIDATE_PRODUCT = YES;
			};
			name = Release;
		};
		04B94F9A2E9C50A10046AA7B /* Debug */ = {
			isa = XCBuildConfiguration;
			buildSettings = {
				ASSETCATALOG_COMPILER_APPICON_NAME = AppIcon;
				ASSETCATALOG_COMPILER_GLOBAL_ACCENT_COLOR_NAME = AccentColor;
				CODE_SIGN_ENTITLEMENTS = "iso-app/iso-app.entitlements";
				CODE_SIGN_STYLE = Automatic;
				CURRENT_PROJECT_VERSION = 1;
				DEVELOPMENT_TEAM = 3HV5ZTLYPC;
				ENABLE_PREVIEWS = YES;
				GENERATE_INFOPLIST_FILE = YES;
				INFOPLIST_FILE = "iso-app/Info.plist";
				INFOPLIST_KEY_UIApplicationSceneManifest_Generation = YES;
				INFOPLIST_KEY_UIApplicationSupportsIndirectInputEvents = YES;
				INFOPLIST_KEY_UILaunchScreen_Generation = YES;
				INFOPLIST_KEY_UISupportedInterfaceOrientations_iPad = "UIInterfaceOrientationPortrait UIInterfaceOrientationPortraitUpsideDown UIInterfaceOrientationLandscapeLeft UIInterfaceOrientationLandscapeRight";
				INFOPLIST_KEY_UISupportedInterfaceOrientations_iPhone = "UIInterfaceOrientationPortrait UIInterfaceOrientationLandscapeLeft UIInterfaceOrientationLandscapeRight";
				LD_RUNPATH_SEARCH_PATHS = (
					"$(inherited)",
					"@executable_path/Frameworks",
				);
				MARKETING_VERSION = 1.0;
				PRODUCT_BUNDLE_IDENTIFIER = "com.icognition.iso-app";
				PRODUCT_NAME = "$(TARGET_NAME)";
				SWIFT_EMIT_LOC_STRINGS = YES;
				SWIFT_VERSION = 5.0;
				TARGETED_DEVICE_FAMILY = "1,2";
			};
			name = Debug;
		};
		04B94F9B2E9C50A10046AA7B /* Release */ = {
			isa = XCBuildConfiguration;
			buildSettings = {
				ASSETCATALOG_COMPILER_APPICON_NAME = AppIcon;
				ASSETCATALOG_COMPILER_GLOBAL_ACCENT_COLOR_NAME = AccentColor;
				CODE_SIGN_ENTITLEMENTS = "iso-app/iso-app.entitlements";
				CODE_SIGN_STYLE = Automatic;
				CURRENT_PROJECT_VERSION = 1;
				DEVELOPMENT_TEAM = 3HV5ZTLYPC;
				ENABLE_PREVIEWS = YES;
				GENERATE_INFOPLIST_FILE = YES;
				INFOPLIST_FILE = "iso-app/Info.plist";
				INFOPLIST_KEY_UIApplicationSceneManifest_Generation = YES;
				INFOPLIST_KEY_UIApplicationSupportsIndirectInputEvents = YES;
				INFOPLIST_KEY_UILaunchScreen_Generation = YES;
				INFOPLIST_KEY_UISupportedInterfaceOrientations_iPad = "UIInterfaceOrientationPortrait UIInterfaceOrientationPortraitUpsideDown UIInterfaceOrientationLandscapeLeft UIInterfaceOrientationLandscapeRight";
				INFOPLIST_KEY_UISupportedInterfaceOrientations_iPhone = "UIInterfaceOrientationPortrait UIInterfaceOrientationLandscapeLeft UIInterfaceOrientationLandscapeRight";
				LD_RUNPATH_SEARCH_PATHS = (
					"$(inherited)",
					"@executable_path/Frameworks",
				);
				MARKETING_VERSION = 1.0;
				PRODUCT_BUNDLE_IDENTIFIER = "com.icognition.iso-app";
				PRODUCT_NAME = "$(TARGET_NAME)";
				SWIFT_EMIT_LOC_STRINGS = YES;
				SWIFT_VERSION = 5.0;
				TARGETED_DEVICE_FAMILY = "1,2";
			};
			name = Release;
		};
		04B94F9D2E9C50A10046AA7B /* Debug */ = {
			isa = XCBuildConfiguration;
			buildSettings = {
				BUNDLE_LOADER = "$(TEST_HOST)";
				CODE_SIGN_STYLE = Automatic;
				CURRENT_PROJECT_VERSION = 1;
				DEVELOPMENT_TEAM = 3HV5ZTLYPC;
				GENERATE_INFOPLIST_FILE = YES;
				IPHONEOS_DEPLOYMENT_TARGET = 18.4;
				MARKETING_VERSION = 1.0;
				PRODUCT_BUNDLE_IDENTIFIER = "com.icognition.iso-appTests";
				PRODUCT_NAME = "$(TARGET_NAME)";
				SWIFT_EMIT_LOC_STRINGS = NO;
				SWIFT_VERSION = 5.0;
				TARGETED_DEVICE_FAMILY = "1,2";
				TEST_HOST = "$(BUILT_PRODUCTS_DIR)/iso-app.app/$(BUNDLE_EXECUTABLE_FOLDER_PATH)/iso-app";
			};
			name = Debug;
		};
		04B94F9E2E9C50A10046AA7B /* Release */ = {
			isa = XCBuildConfiguration;
			buildSettings = {
				BUNDLE_LOADER = "$(TEST_HOST)";
				CODE_SIGN_STYLE = Automatic;
				CURRENT_PROJECT_VERSION = 1;
				DEVELOPMENT_TEAM = 3HV5ZTLYPC;
				GENERATE_INFOPLIST_FILE = YES;
				IPHONEOS_DEPLOYMENT_TARGET = 18.4;
				MARKETING_VERSION = 1.0;
				PRODUCT_BUNDLE_IDENTIFIER = "com.icognition.iso-appTests";
				PRODUCT_NAME = "$(TARGET_NAME)";
				SWIFT_EMIT_LOC_STRINGS = NO;
				SWIFT_VERSION = 5.0;
				TARGETED_DEVICE_FAMILY = "1,2";
				TEST_HOST = "$(BUILT_PRODUCTS_DIR)/iso-app.app/$(BUNDLE_EXECUTABLE_FOLDER_PATH)/iso-app";
			};
			name = Release;
		};
		04B94FA02E9C50A10046AA7B /* Debug */ = {
			isa = XCBuildConfiguration;
			buildSettings = {
				CODE_SIGN_STYLE = Automatic;
				CURRENT_PROJECT_VERSION = 1;
				DEVELOPMENT_TEAM = 3HV5ZTLYPC;
				GENERATE_INFOPLIST_FILE = YES;
				MARKETING_VERSION = 1.0;
				PRODUCT_BUNDLE_IDENTIFIER = "com.icognition.iso-appUITests";
				PRODUCT_NAME = "$(TARGET_NAME)";
				SWIFT_EMIT_LOC_STRINGS = NO;
				SWIFT_VERSION = 5.0;
				TARGETED_DEVICE_FAMILY = "1,2";
				TEST_TARGET_NAME = "iso-app";
			};
			name = Debug;
		};
		04B94FA12E9C50A10046AA7B /* Release */ = {
			isa = XCBuildConfiguration;
			buildSettings = {
				CODE_SIGN_STYLE = Automatic;
				CURRENT_PROJECT_VERSION = 1;
				DEVELOPMENT_TEAM = 3HV5ZTLYPC;
				GENERATE_INFOPLIST_FILE = YES;
				MARKETING_VERSION = 1.0;
				PRODUCT_BUNDLE_IDENTIFIER = "com.icognition.iso-appUITests";
				PRODUCT_NAME = "$(TARGET_NAME)";
				SWIFT_EMIT_LOC_STRINGS = NO;
				SWIFT_VERSION = 5.0;
				TARGETED_DEVICE_FAMILY = "1,2";
				TEST_TARGET_NAME = "iso-app";
			};
			name = Release;
		};
		04F675AC2E9DC82D00DD5ADD /* Debug */ = {
			isa = XCBuildConfiguration;
			buildSettings = {
				CODE_SIGN_ENTITLEMENTS = ShareExtension/ShareExtension.entitlements;
				CODE_SIGN_STYLE = Automatic;
				CURRENT_PROJECT_VERSION = 1;
				DEVELOPMENT_TEAM = 3HV5ZTLYPC;
				GENERATE_INFOPLIST_FILE = YES;
				INFOPLIST_FILE = ShareExtension/Info.plist;
				INFOPLIST_KEY_CFBundleDisplayName = ShareExtension;
				INFOPLIST_KEY_NSHumanReadableCopyright = "";
				LD_RUNPATH_SEARCH_PATHS = (
					"$(inherited)",
					"@executable_path/Frameworks",
					"@executable_path/../../Frameworks",
				);
				MARKETING_VERSION = 1.0;
				PRODUCT_BUNDLE_IDENTIFIER = "com.icognition.iso-app.ShareExtension";
				PRODUCT_NAME = "$(TARGET_NAME)";
				SKIP_INSTALL = YES;
				SWIFT_EMIT_LOC_STRINGS = YES;
				SWIFT_VERSION = 5.0;
				TARGETED_DEVICE_FAMILY = "1,2";
			};
			name = Debug;
		};
		04F675AD2E9DC82D00DD5ADD /* Release */ = {
			isa = XCBuildConfiguration;
			buildSettings = {
				CODE_SIGN_ENTITLEMENTS = ShareExtension/ShareExtension.entitlements;
				CODE_SIGN_STYLE = Automatic;
				CURRENT_PROJECT_VERSION = 1;
				DEVELOPMENT_TEAM = 3HV5ZTLYPC;
				GENERATE_INFOPLIST_FILE = YES;
				INFOPLIST_FILE = ShareExtension/Info.plist;
				INFOPLIST_KEY_CFBundleDisplayName = ShareExtension;
				INFOPLIST_KEY_NSHumanReadableCopyright = "";
				LD_RUNPATH_SEARCH_PATHS = (
					"$(inherited)",
					"@executable_path/Frameworks",
					"@executable_path/../../Frameworks",
				);
				MARKETING_VERSION = 1.0;
				PRODUCT_BUNDLE_IDENTIFIER = "com.icognition.iso-app.ShareExtension";
				PRODUCT_NAME = "$(TARGET_NAME)";
				SKIP_INSTALL = YES;
				SWIFT_EMIT_LOC_STRINGS = YES;
				SWIFT_VERSION = 5.0;
				TARGETED_DEVICE_FAMILY = "1,2";
			};
			name = Release;
		};
/* End XCBuildConfiguration section */

/* Begin XCConfigurationList section */
		04B94F732E9C50A00046AA7B /* Build configuration list for PBXProject "iso-app" */ = {
			isa = XCConfigurationList;
			buildConfigurations = (
				04B94F972E9C50A10046AA7B /* Debug */,
				04B94F982E9C50A10046AA7B /* Release */,
			);
			defaultConfigurationIsVisible = 0;
			defaultConfigurationName = Release;
		};
		04B94F992E9C50A10046AA7B /* Build configuration list for PBXNativeTarget "iso-app" */ = {
			isa = XCConfigurationList;
			buildConfigurations = (
				04B94F9A2E9C50A10046AA7B /* Debug */,
				04B94F9B2E9C50A10046AA7B /* Release */,
			);
			defaultConfigurationIsVisible = 0;
			defaultConfigurationName = Release;
		};
		04B94F9C2E9C50A10046AA7B /* Build configuration list for PBXNativeTarget "iso-appTests" */ = {
			isa = XCConfigurationList;
			buildConfigurations = (
				04B94F9D2E9C50A10046AA7B /* Debug */,
				04B94F9E2E9C50A10046AA7B /* Release */,
			);
			defaultConfigurationIsVisible = 0;
			defaultConfigurationName = Release;
		};
		04B94F9F2E9C50A10046AA7B /* Build configuration list for PBXNativeTarget "iso-appUITests" */ = {
			isa = XCConfigurationList;
			buildConfigurations = (
				04B94FA02E9C50A10046AA7B /* Debug */,
				04B94FA12E9C50A10046AA7B /* Release */,
			);
			defaultConfigurationIsVisible = 0;
			defaultConfigurationName = Release;
		};
		04F675AB2E9DC82D00DD5ADD /* Build configuration list for PBXNativeTarget "ShareExtension" */ = {
			isa = XCConfigurationList;
			buildConfigurations = (
				04F675AC2E9DC82D00DD5ADD /* Debug */,
				04F675AD2E9DC82D00DD5ADD /* Release */,
			);
			defaultConfigurationIsVisible = 0;
			defaultConfigurationName = Release;
		};
/* End XCConfigurationList section */

/* Begin XCRemoteSwiftPackageReference section */
		043AB7082E9C7E9D00CB7249 /* XCRemoteSwiftPackageReference "GoogleSignIn-iOS" */ = {
			isa = XCRemoteSwiftPackageReference;
			repositoryURL = "https://github.com/google/GoogleSignIn-iOS";
			requirement = {
				kind = upToNextMajorVersion;
				minimumVersion = 9.0.0;
			};
		};
		043AB70D2E9C7EBC00CB7249 /* XCRemoteSwiftPackageReference "firebase-ios-sdk" */ = {
			isa = XCRemoteSwiftPackageReference;
			repositoryURL = "https://github.com/firebase/firebase-ios-sdk";
			requirement = {
				kind = upToNextMajorVersion;
				minimumVersion = 12.4.0;
			};
		};
		04F675BE2E9DCAB200DD5ADD /* XCRemoteSwiftPackageReference "SwiftSoup" */ = {
			isa = XCRemoteSwiftPackageReference;
			repositoryURL = "https://github.com/scinfu/SwiftSoup";
			requirement = {
				kind = upToNextMajorVersion;
				minimumVersion = 2.11.1;
			};
		};
		04F863272EDE8C120056BC7B /* XCRemoteSwiftPackageReference "TreePicker" */ = {
			isa = XCRemoteSwiftPackageReference;
			repositoryURL = "https://github.com/borisovodov/TreePicker.git";
			requirement = {
				kind = upToNextMajorVersion;
				minimumVersion = 0.1.0;
			};
		};
		04F8639A2EE3A3D00056BC7B /* XCRemoteSwiftPackageReference "Chat" */ = {
			isa = XCRemoteSwiftPackageReference;
			repositoryURL = "https://github.com/exyte/Chat.git";
			requirement = {
				kind = upToNextMajorVersion;
				minimumVersion = 2.7.6;
			};
		};
/* End XCRemoteSwiftPackageReference section */

/* Begin XCSwiftPackageProductDependency section */
		043AB7092E9C7E9D00CB7249 /* GoogleSignIn */ = {
			isa = XCSwiftPackageProductDependency;
			package = 043AB7082E9C7E9D00CB7249 /* XCRemoteSwiftPackageReference "GoogleSignIn-iOS" */;
			productName = GoogleSignIn;
		};
		043AB70B2E9C7E9D00CB7249 /* GoogleSignInSwift */ = {
			isa = XCSwiftPackageProductDependency;
			package = 043AB7082E9C7E9D00CB7249 /* XCRemoteSwiftPackageReference "GoogleSignIn-iOS" */;
			productName = GoogleSignInSwift;
		};
		043AB70E2E9C7EBC00CB7249 /* FirebaseAuth */ = {
			isa = XCSwiftPackageProductDependency;
			package = 043AB70D2E9C7EBC00CB7249 /* XCRemoteSwiftPackageReference "firebase-ios-sdk" */;
			productName = FirebaseAuth;
		};
		043AB7102E9C7EBC00CB7249 /* FirebaseCore */ = {
			isa = XCSwiftPackageProductDependency;
			package = 043AB70D2E9C7EBC00CB7249 /* XCRemoteSwiftPackageReference "firebase-ios-sdk" */;
			productName = FirebaseCore;
		};
		04F675BF2E9DCAB200DD5ADD /* SwiftSoup */ = {
			isa = XCSwiftPackageProductDependency;
			package = 04F675BE2E9DCAB200DD5ADD /* XCRemoteSwiftPackageReference "SwiftSoup" */;
			productName = SwiftSoup;
		};
		04F675C22E9DCBC100DD5ADD /* SwiftSoup */ = {
			isa = XCSwiftPackageProductDependency;
			package = 04F675BE2E9DCAB200DD5ADD /* XCRemoteSwiftPackageReference "SwiftSoup" */;
			productName = SwiftSoup;
		};
		04F675CC2E9E703E00DD5ADD /* FirebaseAuth */ = {
			isa = XCSwiftPackageProductDependency;
			package = 043AB70D2E9C7EBC00CB7249 /* XCRemoteSwiftPackageReference "firebase-ios-sdk" */;
			productName = FirebaseAuth;
		};
		04F675CE2E9E704700DD5ADD /* FirebaseCore */ = {
			isa = XCSwiftPackageProductDependency;
			package = 043AB70D2E9C7EBC00CB7249 /* XCRemoteSwiftPackageReference "firebase-ios-sdk" */;
			productName = FirebaseCore;
		};
		04F863282EDE8C120056BC7B /* TreePicker */ = {
			isa = XCSwiftPackageProductDependency;
			package = 04F863272EDE8C120056BC7B /* XCRemoteSwiftPackageReference "TreePicker" */;
			productName = TreePicker;
		};
		04F8639B2EE464D30056BC7B /* ExyteChat */ = {
			isa = XCSwiftPackageProductDependency;
			package = 04F8639A2EE3A3D00056BC7B /* XCRemoteSwiftPackageReference "Chat" */;
			productName = ExyteChat;
		};
/* End XCSwiftPackageProductDependency section */
	};
	rootObject = 04B94F702E9C50A00046AA7B /* Project object */;
}
